
Microsoft Visual Studio Solution File, Format Version 12.00
# Visual Studio Version 17
VisualStudioVersion = 17.14.36603.0 d17.14
MinimumVisualStudioVersion = 10.0.40219.1
Project("{FAE04EC0-301F-11D3-BF4B-00C04F79EFBC}") = "kutuphaneProjesi", "kutuphaneProjesi\kutuphaneProjesi.csproj", "{1365F14D-5A93-4391-A54B-7EB34E4AA00D}"
EndProject
Global
	GlobalSection(SolutionConfigurationPlatforms) = preSolution
		Debug|Any CPU = Debug|Any CPU
		Release|Any CPU = Release|Any CPU
	EndGlobalSection
	GlobalSection(ProjectConfigurationPlatforms) = postSolution
		{1365F14D-5A93-4391-A54B-7EB34E4AA00D}.Debug|Any CPU.ActiveCfg = Debug|Any CPU
		{1365F14D-5A93-4391-A54B-7EB34E4AA00D}.Debug|Any CPU.Build.0 = Debug|Any CPU
		{1365F14D-5A93-4391-A54B-7EB34E4AA00D}.Release|Any CPU.ActiveCfg = Release|Any CPU
		{1365F14D-5A93-4391-A54B-7EB34E4AA00D}.Release|Any CPU.Build.0 = Release|Any CPU
	EndGlobalSection
	GlobalSection(SolutionProperties) = preSolution
		HideSolutionNode = FALSE
	EndGlobalSection
	GlobalSection(ExtensibilityGlobals) = postSolution
		SolutionGuid = {5C1304EA-17BB-4CF3-8AC1-730FDAB8E30B}
	EndGlobalSection
EndGlobal
